// !$*UTF8*$!
{
	archiveVersion = 1;
	classes = {
	};
	objectVersion = 46;
	objects = {

/* Begin PBXBuildFile section */
		107A2F821D6EED16002C938C /* AppDelegate.swift in Sources */ = {isa = PBXBuildFile; fileRef = 107A2F811D6EED16002C938C /* AppDelegate.swift */; };
		107A2F841D6EED16002C938C /* ViewController.swift in Sources */ = {isa = PBXBuildFile; fileRef = 107A2F831D6EED16002C938C /* ViewController.swift */; };
		107A2F871D6EED16002C938C /* Main.storyboard in Resources */ = {isa = PBXBuildFile; fileRef = 107A2F851D6EED16002C938C /* Main.storyboard */; };
		107A2F891D6EED16002C938C /* Assets.xcassets in Resources */ = {isa = PBXBuildFile; fileRef = 107A2F881D6EED16002C938C /* Assets.xcassets */; };
		107A2F8C1D6EED16002C938C /* LaunchScreen.storyboard in Resources */ = {isa = PBXBuildFile; fileRef = 107A2F8A1D6EED16002C938C /* LaunchScreen.storyboard */; };
		10D083761D784BD600EF76A5 /* GoogleService-Info.plist in Resources */ = {isa = PBXBuildFile; fileRef = 10D083751D784BD600EF76A5 /* GoogleService-Info.plist */; };
		10D083891D784F9C00EF76A5 /* GeoFire.m in Sources */ = {isa = PBXBuildFile; fileRef = 10D083801D784F9C00EF76A5 /* GeoFire.m */; };
		10D0838A1D784F9C00EF76A5 /* GFBase32Utils.m in Sources */ = {isa = PBXBuildFile; fileRef = 10D083821D784F9C00EF76A5 /* GFBase32Utils.m */; };
		10D0838B1D784F9C00EF76A5 /* GFGeoHash.m in Sources */ = {isa = PBXBuildFile; fileRef = 10D083841D784F9C00EF76A5 /* GFGeoHash.m */; };
		10D0838C1D784F9C00EF76A5 /* GFGeoHashQuery.m in Sources */ = {isa = PBXBuildFile; fileRef = 10D083861D784F9C00EF76A5 /* GFGeoHashQuery.m */; };
		10D0838D1D784F9C00EF76A5 /* GFQuery.m in Sources */ = {isa = PBXBuildFile; fileRef = 10D083881D784F9C00EF76A5 /* GFQuery.m */; };
		10EC03391D7710D30022971A /* MapKit.framework in Frameworks */ = {isa = PBXBuildFile; fileRef = 10EC03381D7710D30022971A /* MapKit.framework */; };
		8663A4633E77C526EF925B89 /* Pods_Poke_Finder.framework in Frameworks */ = {isa = PBXBuildFile; fileRef = 3BCA192278536EBEB4690614 /* Pods_Poke_Finder.framework */; };
/* End PBXBuildFile section */

/* Begin PBXFileReference section */
		107A2F7E1D6EED16002C938C /* Poke Finder.app */ = {isa = PBXFileReference; explicitFileType = wrapper.application; includeInIndex = 0; path = "Poke Finder.app"; sourceTree = BUILT_PRODUCTS_DIR; };
		107A2F811D6EED16002C938C /* AppDelegate.swift */ = {isa = PBXFileReference; lastKnownFileType = sourcecode.swift; path = AppDelegate.swift; sourceTree = "<group>"; };
		107A2F831D6EED16002C938C /* ViewController.swift */ = {isa = PBXFileReference; lastKnownFileType = sourcecode.swift; path = ViewController.swift; sourceTree = "<group>"; };
		107A2F861D6EED16002C938C /* Base */ = {isa = PBXFileReference; lastKnownFileType = file.storyboard; name = Base; path = Base.lproj/Main.storyboard; sourceTree = "<group>"; };
		107A2F881D6EED16002C938C /* Assets.xcassets */ = {isa = PBXFileReference; lastKnownFileType = folder.assetcatalog; path = Assets.xcassets; sourceTree = "<group>"; };
		107A2F8B1D6EED16002C938C /* Base */ = {isa = PBXFileReference; lastKnownFileType = file.storyboard; name = Base; path = Base.lproj/LaunchScreen.storyboard; sourceTree = "<group>"; };
		107A2F8D1D6EED16002C938C /* Info.plist */ = {isa = PBXFileReference; lastKnownFileType = text.plist.xml; path = Info.plist; sourceTree = "<group>"; };
		10D083751D784BD600EF76A5 /* GoogleService-Info.plist */ = {isa = PBXFileReference; fileEncoding = 4; lastKnownFileType = text.plist.xml; path = "GoogleService-Info.plist"; sourceTree = "<group>"; };
		10D083791D784F9C00EF76A5 /* GeoFire.h */ = {isa = PBXFileReference; fileEncoding = 4; lastKnownFileType = sourcecode.c.h; path = GeoFire.h; sourceTree = "<group>"; };
		10D0837A1D784F9C00EF76A5 /* GFCircleQuery.h */ = {isa = PBXFileReference; fileEncoding = 4; lastKnownFileType = sourcecode.c.h; path = GFCircleQuery.h; sourceTree = "<group>"; };
		10D0837B1D784F9C00EF76A5 /* GFQuery.h */ = {isa = PBXFileReference; fileEncoding = 4; lastKnownFileType = sourcecode.c.h; path = GFQuery.h; sourceTree = "<group>"; };
		10D0837C1D784F9C00EF76A5 /* GFRegionQuery.h */ = {isa = PBXFileReference; fileEncoding = 4; lastKnownFileType = sourcecode.c.h; path = GFRegionQuery.h; sourceTree = "<group>"; };
		10D0837D1D784F9C00EF76A5 /* GeoFire-Prefix.pch */ = {isa = PBXFileReference; fileEncoding = 4; lastKnownFileType = sourcecode.c.h; path = "GeoFire-Prefix.pch"; sourceTree = "<group>"; };
		10D0837F1D784F9C00EF76A5 /* GeoFire+Private.h */ = {isa = PBXFileReference; fileEncoding = 4; lastKnownFileType = sourcecode.c.h; path = "GeoFire+Private.h"; sourceTree = "<group>"; };
		10D083801D784F9C00EF76A5 /* GeoFire.m */ = {isa = PBXFileReference; fileEncoding = 4; lastKnownFileType = sourcecode.c.objc; path = GeoFire.m; sourceTree = "<group>"; };
		10D083811D784F9C00EF76A5 /* GFBase32Utils.h */ = {isa = PBXFileReference; fileEncoding = 4; lastKnownFileType = sourcecode.c.h; path = GFBase32Utils.h; sourceTree = "<group>"; };
		10D083821D784F9C00EF76A5 /* GFBase32Utils.m */ = {isa = PBXFileReference; fileEncoding = 4; lastKnownFileType = sourcecode.c.objc; path = GFBase32Utils.m; sourceTree = "<group>"; };
		10D083831D784F9C00EF76A5 /* GFGeoHash.h */ = {isa = PBXFileReference; fileEncoding = 4; lastKnownFileType = sourcecode.c.h; path = GFGeoHash.h; sourceTree = "<group>"; };
		10D083841D784F9C00EF76A5 /* GFGeoHash.m */ = {isa = PBXFileReference; fileEncoding = 4; lastKnownFileType = sourcecode.c.objc; path = GFGeoHash.m; sourceTree = "<group>"; };
		10D083851D784F9C00EF76A5 /* GFGeoHashQuery.h */ = {isa = PBXFileReference; fileEncoding = 4; lastKnownFileType = sourcecode.c.h; path = GFGeoHashQuery.h; sourceTree = "<group>"; };
		10D083861D784F9C00EF76A5 /* GFGeoHashQuery.m */ = {isa = PBXFileReference; fileEncoding = 4; lastKnownFileType = sourcecode.c.objc; path = GFGeoHashQuery.m; sourceTree = "<group>"; };
		10D083871D784F9C00EF76A5 /* GFQuery+Private.h */ = {isa = PBXFileReference; fileEncoding = 4; lastKnownFileType = sourcecode.c.h; path = "GFQuery+Private.h"; sourceTree = "<group>"; };
		10D083881D784F9C00EF76A5 /* GFQuery.m */ = {isa = PBXFileReference; fileEncoding = 4; lastKnownFileType = sourcecode.c.objc; path = GFQuery.m; sourceTree = "<group>"; };
		10D0838F1D7851B400EF76A5 /* bridge.h */ = {isa = PBXFileReference; fileEncoding = 4; lastKnownFileType = sourcecode.c.h; path = bridge.h; sourceTree = "<group>"; };
		10EC03381D7710D30022971A /* MapKit.framework */ = {isa = PBXFileReference; lastKnownFileType = wrapper.framework; name = MapKit.framework; path = System/Library/Frameworks/MapKit.framework; sourceTree = SDKROOT; };
		37F669F62C8AFFF08C455A85 /* Pods-Poke Finder.release.xcconfig */ = {isa = PBXFileReference; includeInIndex = 1; lastKnownFileType = text.xcconfig; name = "Pods-Poke Finder.release.xcconfig"; path = "Pods/Target Support Files/Pods-Poke Finder/Pods-Poke Finder.release.xcconfig"; sourceTree = "<group>"; };
		3BCA192278536EBEB4690614 /* Pods_Poke_Finder.framework */ = {isa = PBXFileReference; explicitFileType = wrapper.framework; includeInIndex = 0; path = Pods_Poke_Finder.framework; sourceTree = BUILT_PRODUCTS_DIR; };
		510F2051D19AAE09CC5F16DC /* Pods-Poke Finder.debug.xcconfig */ = {isa = PBXFileReference; includeInIndex = 1; lastKnownFileType = text.xcconfig; name = "Pods-Poke Finder.debug.xcconfig"; path = "Pods/Target Support Files/Pods-Poke Finder/Pods-Poke Finder.debug.xcconfig"; sourceTree = "<group>"; };
/* End PBXFileReference section */

/* Begin PBXFrameworksBuildPhase section */
		107A2F7B1D6EED16002C938C /* Frameworks */ = {
			isa = PBXFrameworksBuildPhase;
			buildActionMask = 2147483647;
			files = (
				10EC03391D7710D30022971A /* MapKit.framework in Frameworks */,
				8663A4633E77C526EF925B89 /* Pods_Poke_Finder.framework in Frameworks */,
			);
			runOnlyForDeploymentPostprocessing = 0;
		};
/* End PBXFrameworksBuildPhase section */

/* Begin PBXGroup section */
		107A2F751D6EED16002C938C = {
			isa = PBXGroup;
			children = (
				10EC03381D7710D30022971A /* MapKit.framework */,
				107A2F801D6EED16002C938C /* Poke Finder */,
				107A2F7F1D6EED16002C938C /* Products */,
				2E821AB7ECC142B3F9F4CC57 /* Pods */,
				51B1D8547DBD4307C2DA8DC4 /* Frameworks */,
			);
			sourceTree = "<group>";
		};
		107A2F7F1D6EED16002C938C /* Products */ = {
			isa = PBXGroup;
			children = (
				107A2F7E1D6EED16002C938C /* Poke Finder.app */,
			);
			name = Products;
			sourceTree = "<group>";
		};
		107A2F801D6EED16002C938C /* Poke Finder */ = {
			isa = PBXGroup;
			children = (
				10D083771D784F9C00EF76A5 /* GeoFire */,
				107A2F811D6EED16002C938C /* AppDelegate.swift */,
				107A2F831D6EED16002C938C /* ViewController.swift */,
				107A2F851D6EED16002C938C /* Main.storyboard */,
				107A2F881D6EED16002C938C /* Assets.xcassets */,
				107A2F8A1D6EED16002C938C /* LaunchScreen.storyboard */,
				10D083751D784BD600EF76A5 /* GoogleService-Info.plist */,
				107A2F8D1D6EED16002C938C /* Info.plist */,
				10D0838F1D7851B400EF76A5 /* bridge.h */,
			);
			path = "Poke Finder";
			sourceTree = "<group>";
		};
		10D083771D784F9C00EF76A5 /* GeoFire */ = {
			isa = PBXGroup;
			children = (
				10D083781D784F9C00EF76A5 /* API */,
				10D0837D1D784F9C00EF76A5 /* GeoFire-Prefix.pch */,
				10D0837E1D784F9C00EF76A5 /* Implementation */,
			);
			path = GeoFire;
			sourceTree = "<group>";
		};
		10D083781D784F9C00EF76A5 /* API */ = {
			isa = PBXGroup;
			children = (
				10D083791D784F9C00EF76A5 /* GeoFire.h */,
				10D0837A1D784F9C00EF76A5 /* GFCircleQuery.h */,
				10D0837B1D784F9C00EF76A5 /* GFQuery.h */,
				10D0837C1D784F9C00EF76A5 /* GFRegionQuery.h */,
			);
			path = API;
			sourceTree = "<group>";
		};
		10D0837E1D784F9C00EF76A5 /* Implementation */ = {
			isa = PBXGroup;
			children = (
				10D0837F1D784F9C00EF76A5 /* GeoFire+Private.h */,
				10D083801D784F9C00EF76A5 /* GeoFire.m */,
				10D083811D784F9C00EF76A5 /* GFBase32Utils.h */,
				10D083821D784F9C00EF76A5 /* GFBase32Utils.m */,
				10D083831D784F9C00EF76A5 /* GFGeoHash.h */,
				10D083841D784F9C00EF76A5 /* GFGeoHash.m */,
				10D083851D784F9C00EF76A5 /* GFGeoHashQuery.h */,
				10D083861D784F9C00EF76A5 /* GFGeoHashQuery.m */,
				10D083871D784F9C00EF76A5 /* GFQuery+Private.h */,
				10D083881D784F9C00EF76A5 /* GFQuery.m */,
			);
			path = Implementation;
			sourceTree = "<group>";
		};
		2E821AB7ECC142B3F9F4CC57 /* Pods */ = {
			isa = PBXGroup;
			children = (
				510F2051D19AAE09CC5F16DC /* Pods-Poke Finder.debug.xcconfig */,
				37F669F62C8AFFF08C455A85 /* Pods-Poke Finder.release.xcconfig */,
			);
			name = Pods;
			sourceTree = "<group>";
		};
		51B1D8547DBD4307C2DA8DC4 /* Frameworks */ = {
			isa = PBXGroup;
			children = (
				3BCA192278536EBEB4690614 /* Pods_Poke_Finder.framework */,
			);
			name = Frameworks;
			sourceTree = "<group>";
		};
/* End PBXGroup section */

/* Begin PBXNativeTarget section */
		107A2F7D1D6EED16002C938C /* Poke Finder */ = {
			isa = PBXNativeTarget;
			buildConfigurationList = 107A2F901D6EED16002C938C /* Build configuration list for PBXNativeTarget "Poke Finder" */;
			buildPhases = (
				15E0CE388FC281062D61773B /* [CP] Check Pods Manifest.lock */,
				107A2F7A1D6EED16002C938C /* Sources */,
				107A2F7B1D6EED16002C938C /* Frameworks */,
				107A2F7C1D6EED16002C938C /* Resources */,
				68371115B593F9C328F6CD75 /* [CP] Embed Pods Frameworks */,
				87E5EF78EAF6CAC0D4279094 /* [CP] Copy Pods Resources */,
			);
			buildRules = (
			);
			dependencies = (
			);
			name = "Poke Finder";
			productName = "Poke Finder";
			productReference = 107A2F7E1D6EED16002C938C /* Poke Finder.app */;
			productType = "com.apple.product-type.application";
		};
/* End PBXNativeTarget section */

/* Begin PBXProject section */
		107A2F761D6EED16002C938C /* Project object */ = {
			isa = PBXProject;
			attributes = {
				LastSwiftUpdateCheck = 0730;
				LastUpgradeCheck = 0730;
				ORGANIZATIONNAME = "Junkie Labs";
				TargetAttributes = {
					107A2F7D1D6EED16002C938C = {
						CreatedOnToolsVersion = 7.3.1;
						DevelopmentTeam = ES5YG98Z24;
					};
				};
			};
			buildConfigurationList = 107A2F791D6EED16002C938C /* Build configuration list for PBXProject "Poke Finder" */;
			compatibilityVersion = "Xcode 3.2";
			developmentRegion = English;
			hasScannedForEncodings = 0;
			knownRegions = (
				en,
				Base,
			);
			mainGroup = 107A2F751D6EED16002C938C;
			productRefGroup = 107A2F7F1D6EED16002C938C /* Products */;
			projectDirPath = "";
			projectRoot = "";
			targets = (
				107A2F7D1D6EED16002C938C /* Poke Finder */,
			);
		};
/* End PBXProject section */

/* Begin PBXResourcesBuildPhase section */
		107A2F7C1D6EED16002C938C /* Resources */ = {
			isa = PBXResourcesBuildPhase;
			buildActionMask = 2147483647;
			files = (
				107A2F8C1D6EED16002C938C /* LaunchScreen.storyboard in Resources */,
				10D083761D784BD600EF76A5 /* GoogleService-Info.plist in Resources */,
				107A2F891D6EED16002C938C /* Assets.xcassets in Resources */,
				107A2F871D6EED16002C938C /* Main.storyboard in Resources */,
			);
			runOnlyForDeploymentPostprocessing = 0;
		};
/* End PBXResourcesBuildPhase section */

/* Begin PBXShellScriptBuildPhase section */
		15E0CE388FC281062D61773B /* [CP] Check Pods Manifest.lock */ = {
			isa = PBXShellScriptBuildPhase;
			buildActionMask = 2147483647;
			files = (
			);
			inputPaths = (
			);
			name = "[CP] Check Pods Manifest.lock";
			outputPaths = (
			);
			runOnlyForDeploymentPostprocessing = 0;
			shellPath = /bin/sh;
			shellScript = "diff \"${PODS_ROOT}/../Podfile.lock\" \"${PODS_ROOT}/Manifest.lock\" > /dev/null\nif [[ $? != 0 ]] ; then\n    cat << EOM\nerror: The sandbox is not in sync with the Podfile.lock. Run 'pod install' or update your CocoaPods installation.\nEOM\n    exit 1\nfi\n";
			showEnvVarsInLog = 0;
		};
		68371115B593F9C328F6CD75 /* [CP] Embed Pods Frameworks */ = {
			isa = PBXShellScriptBuildPhase;
			buildActionMask = 2147483647;
			files = (
			);
			inputPaths = (
			);
			name = "[CP] Embed Pods Frameworks";
			outputPaths = (
			);
			runOnlyForDeploymentPostprocessing = 0;
			shellPath = /bin/sh;
			shellScript = "\"${SRCROOT}/Pods/Target Support Files/Pods-Poke Finder/Pods-Poke Finder-frameworks.sh\"\n";
			showEnvVarsInLog = 0;
		};
		87E5EF78EAF6CAC0D4279094 /* [CP] Copy Pods Resources */ = {
			isa = PBXShellScriptBuildPhase;
			buildActionMask = 2147483647;
			files = (
			);
			inputPaths = (
			);
			name = "[CP] Copy Pods Resources";
			outputPaths = (
			);
			runOnlyForDeploymentPostprocessing = 0;
			shellPath = /bin/sh;
			shellScript = "\"${SRCROOT}/Pods/Target Support Files/Pods-Poke Finder/Pods-Poke Finder-resources.sh\"\n";
			showEnvVarsInLog = 0;
		};
/* End PBXShellScriptBuildPhase section */

/* Begin PBXSourcesBuildPhase section */
		107A2F7A1D6EED16002C938C /* Sources */ = {
			isa = PBXSourcesBuildPhase;
			buildActionMask = 2147483647;
			files = (
				10D0838A1D784F9C00EF76A5 /* GFBase32Utils.m in Sources */,
				107A2F841D6EED16002C938C /* ViewController.swift in Sources */,
				10D0838B1D784F9C00EF76A5 /* GFGeoHash.m in Sources */,
				107A2F821D6EED16002C938C /* AppDelegate.swift in Sources */,
				10D083891D784F9C00EF76A5 /* GeoFire.m in Sources */,
				10D0838C1D784F9C00EF76A5 /* GFGeoHashQuery.m in Sources */,
				10D0838D1D784F9C00EF76A5 /* GFQuery.m in Sources */,
			);
			runOnlyForDeploymentPostprocessing = 0;
		};
/* End PBXSourcesBuildPhase section */

/* Begin PBXVariantGroup section */
		107A2F851D6EED16002C938C /* Main.storyboard */ = {
			isa = PBXVariantGroup;
			children = (
				107A2F861D6EED16002C938C /* Base */,
			);
			name = Main.storyboard;
			sourceTree = "<group>";
		};
		107A2F8A1D6EED16002C938C /* LaunchScreen.storyboard */ = {
			isa = PBXVariantGroup;
			children = (
				107A2F8B1D6EED16002C938C /* Base */,
			);
			name = LaunchScreen.storyboard;
			sourceTree = "<group>";
		};
/* End PBXVariantGroup section */

/* Begin XCBuildConfiguration section */
		107A2F8E1D6EED16002C938C /* Debug */ = {
			isa = XCBuildConfiguration;
			buildSettings = {
				ALWAYS_SEARCH_USER_PATHS = NO;
				CLANG_ANALYZER_NONNULL = YES;
				CLANG_CXX_LANGUAGE_STANDARD = "gnu++0x";
				CLANG_CXX_LIBRARY = "libc++";
				CLANG_ENABLE_MODULES = YES;
				CLANG_ENABLE_OBJC_ARC = YES;
				CLANG_WARN_BOOL_CONVERSION = YES;
				CLANG_WARN_CONSTANT_CONVERSION = YES;
				CLANG_WARN_DIRECT_OBJC_ISA_USAGE = YES_ERROR;
				CLANG_WARN_EMPTY_BODY = YES;
				CLANG_WARN_ENUM_CONVERSION = YES;
				CLANG_WARN_INT_CONVERSION = YES;
				CLANG_WARN_OBJC_ROOT_CLASS = YES_ERROR;
				CLANG_WARN_UNREACHABLE_CODE = YES;
				CLANG_WARN__DUPLICATE_METHOD_MATCH = YES;
				"CODE_SIGN_IDENTITY[sdk=iphoneos*]" = "iPhone Developer";
				COPY_PHASE_STRIP = NO;
				DEBUG_INFORMATION_FORMAT = dwarf;
				ENABLE_STRICT_OBJC_MSGSEND = YES;
				ENABLE_TESTABILITY = YES;
				GCC_C_LANGUAGE_STANDARD = gnu99;
				GCC_DYNAMIC_NO_PIC = NO;
				GCC_NO_COMMON_BLOCKS = YES;
				GCC_OPTIMIZATION_LEVEL = 0;
				GCC_PREPROCESSOR_DEFINITIONS = (
					"DEBUG=1",
					"$(inherited)",
				);
				GCC_WARN_64_TO_32_BIT_CONVERSION = YES;
				GCC_WARN_ABOUT_RETURN_TYPE = YES_ERROR;
				GCC_WARN_UNDECLARED_SELECTOR = YES;
				GCC_WARN_UNINITIALIZED_AUTOS = YES_AGGRESSIVE;
				GCC_WARN_UNUSED_FUNCTION = YES;
				GCC_WARN_UNUSED_VARIABLE = YES;
				IPHONEOS_DEPLOYMENT_TARGET = 9.3;
				MTL_ENABLE_DEBUG_INFO = YES;
				ONLY_ACTIVE_ARCH = YES;
				SDKROOT = iphoneos;
				SWIFT_OPTIMIZATION_LEVEL = "-Onone";
			};
			name = Debug;
		};
		107A2F8F1D6EED16002C938C /* Release */ = {
			isa = XCBuildConfiguration;
			buildSettings = {
				ALWAYS_SEARCH_USER_PATHS = NO;
				CLANG_ANALYZER_NONNULL = YES;
				CLANG_CXX_LANGUAGE_STANDARD = "gnu++0x";
				CLANG_CXX_LIBRARY = "libc++";
				CLANG_ENABLE_MODULES = YES;
				CLANG_ENABLE_OBJC_ARC = YES;
				CLANG_WARN_BOOL_CONVERSION = YES;
				CLANG_WARN_CONSTANT_CONVERSION = YES;
				CLANG_WARN_DIRECT_OBJC_ISA_USAGE = YES_ERROR;
				CLANG_WARN_EMPTY_BODY = YES;
				CLANG_WARN_ENUM_CONVERSION = YES;
				CLANG_WARN_INT_CONVERSION = YES;
				CLANG_WARN_OBJC_ROOT_CLASS = YES_ERROR;
				CLANG_WARN_UNREACHABLE_CODE = YES;
				CLANG_WARN__DUPLICATE_METHOD_MATCH = YES;
				"CODE_SIGN_IDENTITY[sdk=iphoneos*]" = "iPhone Developer";
				COPY_PHASE_STRIP = NO;
				DEBUG_INFORMATION_FORMAT = "dwarf-with-dsym";
				ENABLE_NS_ASSERTIONS = NO;
				ENABLE_STRICT_OBJC_MSGSEND = YES;
				GCC_C_LANGUAGE_STANDARD = gnu99;
				GCC_NO_COMMON_BLOCKS = YES;
				GCC_WARN_64_TO_32_BIT_CONVERSION = YES;
				GCC_WARN_ABOUT_RETURN_TYPE = YES_ERROR;
				GCC_WARN_UNDECLARED_SELECTOR = YES;
				GCC_WARN_UNINITIALIZED_AUTOS = YES_AGGRESSIVE;
				GCC_WARN_UNUSED_FUNCTION = YES;
				GCC_WARN_UNUSED_VARIABLE = YES;
				IPHONEOS_DEPLOYMENT_TARGET = 9.3;
				MTL_ENABLE_DEBUG_INFO = NO;
				SDKROOT = iphoneos;
				VALIDATE_PRODUCT = YES;
			};
			name = Release;
		};
		107A2F911D6EED16002C938C /* Debug */ = {
			isa = XCBuildConfiguration;
			baseConfigurationReference = 510F2051D19AAE09CC5F16DC /* Pods-Poke Finder.debug.xcconfig */;
			buildSettings = {
				ASSETCATALOG_COMPILER_APPICON_NAME = AppIcon;
				INFOPLIST_FILE = "Poke Finder/Info.plist";
				LD_RUNPATH_SEARCH_PATHS = "$(inherited) @executable_path/Frameworks";
				PRODUCT_BUNDLE_IDENTIFIER = "com.junkielabs.junkielab.Poke-Finder";
				PRODUCT_NAME = "$(TARGET_NAME)";
				SWIFT_OBJC_BRIDGING_HEADER = "Poke Finder/bridge.h";
			};
			name = Debug;
		};
		107A2F921D6EED16002C938C /* Release */ = {
			isa = XCBuildConfiguration;
			baseConfigurationReference = 37F669F62C8AFFF08C455A85 /* Pods-Poke Finder.release.xcconfig */;
			buildSettings = {
				ASSETCATALOG_COMPILER_APPICON_NAME = AppIcon;
				INFOPLIST_FILE = "Poke Finder/Info.plist";
				LD_RUNPATH_SEARCH_PATHS = "$(inherited) @executable_path/Frameworks";
				PRODUCT_BUNDLE_IDENTIFIER = "com.junkielabs.junkielab.Poke-Finder";
				PRODUCT_NAME = "$(TARGET_NAME)";
				SWIFT_OBJC_BRIDGING_HEADER = "Poke Finder/bridge.h";
			};
			name = Release;
		};
/* End XCBuildConfiguration section */

/* Begin XCConfigurationList section */
		107A2F791D6EED16002C938C /* Build configuration list for PBXProject "Poke Finder" */ = {
			isa = XCConfigurationList;
			buildConfigurations = (
				107A2F8E1D6EED16002C938C /* Debug */,
				107A2F8F1D6EED16002C938C /* Release */,
			);
			defaultConfigurationIsVisible = 0;
			defaultConfigurationName = Release;
		};
		107A2F901D6EED16002C938C /* Build configuration list for PBXNativeTarget "Poke Finder" */ = {
			isa = XCConfigurationList;
			buildConfigurations = (
				107A2F911D6EED16002C938C /* Debug */,
				107A2F921D6EED16002C938C /* Release */,
			);
			defaultConfigurationIsVisible = 0;
			defaultConfigurationName = Release;
		};
/* End XCConfigurationList section */
	};
	rootObject = 107A2F761D6EED16002C938C /* Project object */;
}
